
Microsoft Visual Studio Solution File, Format Version 12.00
# Visual Studio Version 16
VisualStudioVersion = 16.0.31112.23
MinimumVisualStudioVersion = 10.0.40219.1
Project("{FAE04EC0-301F-11D3-BF4B-00C04F79EFBC}") = "TrendyolApp.Android", "TrendyolApp\TrendyolApp.Android\TrendyolApp.Android.csproj", "{0E5C735F-3EF0-4211-AA10-E879CD513969}"
EndProject
Project("{FAE04EC0-301F-11D3-BF4B-00C04F79EFBC}") = "TrendyolApp.iOS", "TrendyolApp\TrendyolApp.iOS\TrendyolApp.iOS.csproj", "{3E46106A-F9C3-4DEB-9EBA-FE3092961058}"
EndProject
Project("{9A19103F-16F7-4668-BE54-9A1E7A4F7556}") = "TrendyolApp", "TrendyolApp\TrendyolApp\TrendyolApp.csproj", "{1E337484-98E6-4900-8883-2127DC97BFDA}"
EndProject
Project("{9A19103F-16F7-4668-BE54-9A1E7A4F7556}") = "TrendyolAppGraphQLBackend", "TrendyolAppGraphQLBackend\TrendyolAppGraphQLBackend.csproj", "{93F07403-CC26-4C4B-AB80-352E05D2A5B5}"
EndProject
Project("{2150E333-8FDC-42A3-9474-1A3956D46DE8}") = "Backend", "Backend", "{5D967750-728B-4153-9C6D-8611E397DF61}"
EndProject
Project("{9A19103F-16F7-4668-BE54-9A1E7A4F7556}") = "Entities", "Entities\Entities.csproj", "{BFB8310C-2082-4AD9-8682-B6FC4BEB56BA}"
EndProject
Project("{9A19103F-16F7-4668-BE54-9A1E7A4F7556}") = "DataAccess", "DataAccess\DataAccess.csproj", "{52B8FD89-6FF6-4C2B-9513-B92AB91D97F4}"
EndProject
Project("{2150E333-8FDC-42A3-9474-1A3956D46DE8}") = "Tests", "Tests", "{E786000B-08F2-4D29-AAFF-47CA5759546A}"
EndProject
Project("{FAE04EC0-301F-11D3-BF4B-00C04F79EFBC}") = "TrendyolApp.UnitTests", "Tests\TrendyolApp.UnitTests\TrendyolApp.UnitTests.csproj", "{38C4ACD3-18AA-4695-9A6A-461FE5328538}"
EndProject
Global
	GlobalSection(SolutionConfigurationPlatforms) = preSolution
		Debug|Any CPU = Debug|Any CPU
		Debug|iPhone = Debug|iPhone
		Debug|iPhoneSimulator = Debug|iPhoneSimulator
		Release|Any CPU = Release|Any CPU
		Release|iPhone = Release|iPhone
		Release|iPhoneSimulator = Release|iPhoneSimulator
	EndGlobalSection
	GlobalSection(ProjectConfigurationPlatforms) = postSolution
		{0E5C735F-3EF0-4211-AA10-E879CD513969}.Debug|Any CPU.ActiveCfg = Debug|Any CPU
		{0E5C735F-3EF0-4211-AA10-E879CD513969}.Debug|Any CPU.Build.0 = Debug|Any CPU
		{0E5C735F-3EF0-4211-AA10-E879CD513969}.Debug|Any CPU.Deploy.0 = Debug|Any CPU
		{0E5C735F-3EF0-4211-AA10-E879CD513969}.Debug|iPhone.ActiveCfg = Debug|Any CPU
		{0E5C735F-3EF0-4211-AA10-E879CD513969}.Debug|iPhone.Build.0 = Debug|Any CPU
		{0E5C735F-3EF0-4211-AA10-E879CD513969}.Debug|iPhone.Deploy.0 = Debug|Any CPU
		{0E5C735F-3EF0-4211-AA10-E879CD513969}.Debug|iPhoneSimulator.ActiveCfg = Debug|Any CPU
		{0E5C735F-3EF0-4211-AA10-E879CD513969}.Debug|iPhoneSimulator.Build.0 = Debug|Any CPU
		{0E5C735F-3EF0-4211-AA10-E879CD513969}.Debug|iPhoneSimulator.Deploy.0 = Debug|Any CPU
		{0E5C735F-3EF0-4211-AA10-E879CD513969}.Release|Any CPU.ActiveCfg = Release|Any CPU
		{0E5C735F-3EF0-4211-AA10-E879CD513969}.Release|Any CPU.Build.0 = Release|Any CPU
		{0E5C735F-3EF0-4211-AA10-E879CD513969}.Release|Any CPU.Deploy.0 = Release|Any CPU
		{0E5C735F-3EF0-4211-AA10-E879CD513969}.Release|iPhone.ActiveCfg = Release|Any CPU
		{0E5C735F-3EF0-4211-AA10-E879CD513969}.Release|iPhone.Build.0 = Release|Any CPU
		{0E5C735F-3EF0-4211-AA10-E879CD513969}.Release|iPhone.Deploy.0 = Release|Any CPU
		{0E5C735F-3EF0-4211-AA10-E879CD513969}.Release|iPhoneSimulator.ActiveCfg = Release|Any CPU
		{0E5C735F-3EF0-4211-AA10-E879CD513969}.Release|iPhoneSimulator.Build.0 = Release|Any CPU
		{0E5C735F-3EF0-4211-AA10-E879CD513969}.Release|iPhoneSimulator.Deploy.0 = Release|Any CPU
		{3E46106A-F9C3-4DEB-9EBA-FE3092961058}.Debug|Any CPU.ActiveCfg = Debug|iPhone
		{3E46106A-F9C3-4DEB-9EBA-FE3092961058}.Debug|Any CPU.Build.0 = Debug|iPhone
		{3E46106A-F9C3-4DEB-9EBA-FE3092961058}.Debug|Any CPU.Deploy.0 = Debug|iPhone
		{3E46106A-F9C3-4DEB-9EBA-FE3092961058}.Debug|iPhone.ActiveCfg = Debug|iPhone
		{3E46106A-F9C3-4DEB-9EBA-FE3092961058}.Debug|iPhone.Build.0 = Debug|iPhone
		{3E46106A-F9C3-4DEB-9EBA-FE3092961058}.Debug|iPhone.Deploy.0 = Debug|iPhone
		{3E46106A-F9C3-4DEB-9EBA-FE3092961058}.Debug|iPhoneSimulator.ActiveCfg = Debug|iPhoneSimulator
		{3E46106A-F9C3-4DEB-9EBA-FE3092961058}.Debug|iPhoneSimulator.Build.0 = Debug|iPhoneSimulator
		{3E46106A-F9C3-4DEB-9EBA-FE3092961058}.Debug|iPhoneSimulator.Deploy.0 = Debug|iPhoneSimulator
		{3E46106A-F9C3-4DEB-9EBA-FE3092961058}.Release|Any CPU.ActiveCfg = Release|iPhoneSimulator
		{3E46106A-F9C3-4DEB-9EBA-FE3092961058}.Release|Any CPU.Build.0 = Release|iPhoneSimulator
		{3E46106A-F9C3-4DEB-9EBA-FE3092961058}.Release|Any CPU.Deploy.0 = Release|iPhoneSimulator
		{3E46106A-F9C3-4DEB-9EBA-FE3092961058}.Release|iPhone.ActiveCfg = Release|iPhone
		{3E46106A-F9C3-4DEB-9EBA-FE3092961058}.Release|iPhone.Build.0 = Release|iPhone
		{3E46106A-F9C3-4DEB-9EBA-FE3092961058}.Release|iPhone.Deploy.0 = Release|iPhone
		{3E46106A-F9C3-4DEB-9EBA-FE3092961058}.Release|iPhoneSimulator.ActiveCfg = Release|iPhoneSimulator
		{3E46106A-F9C3-4DEB-9EBA-FE3092961058}.Release|iPhoneSimulator.Build.0 = Release|iPhoneSimulator
		{3E46106A-F9C3-4DEB-9EBA-FE3092961058}.Release|iPhoneSimulator.Deploy.0 = Release|iPhoneSimulator
		{1E337484-98E6-4900-8883-2127DC97BFDA}.Debug|Any CPU.ActiveCfg = Debug|Any CPU
		{1E337484-98E6-4900-8883-2127DC97BFDA}.Debug|Any CPU.Build.0 = Debug|Any CPU
		{1E337484-98E6-4900-8883-2127DC97BFDA}.Debug|Any CPU.Deploy.0 = Debug|Any CPU
		{1E337484-98E6-4900-8883-2127DC97BFDA}.Debug|iPhone.ActiveCfg = Debug|Any CPU
		{1E337484-98E6-4900-8883-2127DC97BFDA}.Debug|iPhone.Build.0 = Debug|Any CPU
		{1E337484-98E6-4900-8883-2127DC97BFDA}.Debug|iPhone.Deploy.0 = Debug|Any CPU
		{1E337484-98E6-4900-8883-2127DC97BFDA}.Debug|iPhoneSimulator.ActiveCfg = Debug|Any CPU
		{1E337484-98E6-4900-8883-2127DC97BFDA}.Debug|iPhoneSimulator.Build.0 = Debug|Any CPU
		{1E337484-98E6-4900-8883-2127DC97BFDA}.Debug|iPhoneSimulator.Deploy.0 = Debug|Any CPU
		{1E337484-98E6-4900-8883-2127DC97BFDA}.Release|Any CPU.ActiveCfg = Release|Any CPU
		{1E337484-98E6-4900-8883-2127DC97BFDA}.Release|Any CPU.Build.0 = Release|Any CPU
		{1E337484-98E6-4900-8883-2127DC97BFDA}.Release|Any CPU.Deploy.0 = Release|Any CPU
		{1E337484-98E6-4900-8883-2127DC97BFDA}.Release|iPhone.ActiveCfg = Release|Any CPU
		{1E337484-98E6-4900-8883-2127DC97BFDA}.Release|iPhone.Build.0 = Release|Any CPU
		{1E337484-98E6-4900-8883-2127DC97BFDA}.Release|iPhone.Deploy.0 = Release|Any CPU
		{1E337484-98E6-4900-8883-2127DC97BFDA}.Release|iPhoneSimulator.ActiveCfg = Release|Any CPU
		{1E337484-98E6-4900-8883-2127DC97BFDA}.Release|iPhoneSimulator.Build.0 = Release|Any CPU
		{1E337484-98E6-4900-8883-2127DC97BFDA}.Release|iPhoneSimulator.Deploy.0 = Release|Any CPU
		{93F07403-CC26-4C4B-AB80-352E05D2A5B5}.Debug|Any CPU.ActiveCfg = Debug|Any CPU
		{93F07403-CC26-4C4B-AB80-352E05D2A5B5}.Debug|Any CPU.Build.0 = Debug|Any CPU
		{93F07403-CC26-4C4B-AB80-352E05D2A5B5}.Debug|iPhone.ActiveCfg = Debug|Any CPU
		{93F07403-CC26-4C4B-AB80-352E05D2A5B5}.Debug|iPhone.Build.0 = Debug|Any CPU
		{93F07403-CC26-4C4B-AB80-352E05D2A5B5}.Debug|iPhoneSimulator.ActiveCfg = Debug|Any CPU
		{93F07403-CC26-4C4B-AB80-352E05D2A5B5}.Debug|iPhoneSimulator.Build.0 = Debug|Any CPU
		{93F07403-CC26-4C4B-AB80-352E05D2A5B5}.Release|Any CPU.ActiveCfg = Release|Any CPU
		{93F07403-CC26-4C4B-AB80-352E05D2A5B5}.Release|Any CPU.Build.0 = Release|Any CPU
		{93F07403-CC26-4C4B-AB80-352E05D2A5B5}.Release|iPhone.ActiveCfg = Release|Any CPU
		{93F07403-CC26-4C4B-AB80-352E05D2A5B5}.Release|iPhone.Build.0 = Release|Any CPU
		{93F07403-CC26-4C4B-AB80-352E05D2A5B5}.Release|iPhoneSimulator.ActiveCfg = Release|Any CPU
		{93F07403-CC26-4C4B-AB80-352E05D2A5B5}.Release|iPhoneSimulator.Build.0 = Release|Any CPU
		{BFB8310C-2082-4AD9-8682-B6FC4BEB56BA}.Debug|Any CPU.ActiveCfg = Debug|Any CPU
		{BFB8310C-2082-4AD9-8682-B6FC4BEB56BA}.Debug|Any CPU.Build.0 = Debug|Any CPU
		{BFB8310C-2082-4AD9-8682-B6FC4BEB56BA}.Debug|iPhone.ActiveCfg = Debug|Any CPU
		{BFB8310C-2082-4AD9-8682-B6FC4BEB56BA}.Debug|iPhone.Build.0 = Debug|Any CPU
		{BFB8310C-2082-4AD9-8682-B6FC4BEB56BA}.Debug|iPhoneSimulator.ActiveCfg = Debug|Any CPU
		{BFB8310C-2082-4AD9-8682-B6FC4BEB56BA}.Debug|iPhoneSimulator.Build.0 = Debug|Any CPU
		{BFB8310C-2082-4AD9-8682-B6FC4BEB56BA}.Release|Any CPU.ActiveCfg = Release|Any CPU
		{BFB8310C-2082-4AD9-8682-B6FC4BEB56BA}.Release|Any CPU.Build.0 = Release|Any CPU
		{BFB8310C-2082-4AD9-8682-B6FC4BEB56BA}.Release|iPhone.ActiveCfg = Release|Any CPU
		{BFB8310C-2082-4AD9-8682-B6FC4BEB56BA}.Release|iPhone.Build.0 = Release|Any CPU
		{BFB8310C-2082-4AD9-8682-B6FC4BEB56BA}.Release|iPhoneSimulator.ActiveCfg = Release|Any CPU
		{BFB8310C-2082-4AD9-8682-B6FC4BEB56BA}.Release|iPhoneSimulator.Build.0 = Release|Any CPU
		{52B8FD89-6FF6-4C2B-9513-B92AB91D97F4}.Debug|Any CPU.ActiveCfg = Debug|Any CPU
		{52B8FD89-6FF6-4C2B-9513-B92AB91D97F4}.Debug|Any CPU.Build.0 = Debug|Any CPU
		{52B8FD89-6FF6-4C2B-9513-B92AB91D97F4}.Debug|iPhone.ActiveCfg = Debug|Any CPU
		{52B8FD89-6FF6-4C2B-9513-B92AB91D97F4}.Debug|iPhone.Build.0 = Debug|Any CPU
		{52B8FD89-6FF6-4C2B-9513-B92AB91D97F4}.Debug|iPhoneSimulator.ActiveCfg = Debug|Any CPU
		{52B8FD89-6FF6-4C2B-9513-B92AB91D97F4}.Debug|iPhoneSimulator.Build.0 = Debug|Any CPU
		{52B8FD89-6FF6-4C2B-9513-B92AB91D97F4}.Release|Any CPU.ActiveCfg = Release|Any CPU
		{52B8FD89-6FF6-4C2B-9513-B92AB91D97F4}.Release|Any CPU.Build.0 = Release|Any CPU
		{52B8FD89-6FF6-4C2B-9513-B92AB91D97F4}.Release|iPhone.ActiveCfg = Release|Any CPU
		{52B8FD89-6FF6-4C2B-9513-B92AB91D97F4}.Release|iPhone.Build.0 = Release|Any CPU
		{52B8FD89-6FF6-4C2B-9513-B92AB91D97F4}.Release|iPhoneSimulator.ActiveCfg = Release|Any CPU
		{52B8FD89-6FF6-4C2B-9513-B92AB91D97F4}.Release|iPhoneSimulator.Build.0 = Release|Any CPU
		{38C4ACD3-18AA-4695-9A6A-461FE5328538}.Debug|Any CPU.ActiveCfg = Debug|Any CPU
		{38C4ACD3-18AA-4695-9A6A-461FE5328538}.Debug|Any CPU.Build.0 = Debug|Any CPU
		{38C4ACD3-18AA-4695-9A6A-461FE5328538}.Debug|iPhone.ActiveCfg = Debug|Any CPU
		{38C4ACD3-18AA-4695-9A6A-461FE5328538}.Debug|iPhone.Build.0 = Debug|Any CPU
		{38C4ACD3-18AA-4695-9A6A-461FE5328538}.Debug|iPhoneSimulator.ActiveCfg = Debug|Any CPU
		{38C4ACD3-18AA-4695-9A6A-461FE5328538}.Debug|iPhoneSimulator.Build.0 = Debug|Any CPU
		{38C4ACD3-18AA-4695-9A6A-461FE5328538}.Release|Any CPU.ActiveCfg = Release|Any CPU
		{38C4ACD3-18AA-4695-9A6A-461FE5328538}.Release|Any CPU.Build.0 = Release|Any CPU
		{38C4ACD3-18AA-4695-9A6A-461FE5328538}.Release|iPhone.ActiveCfg = Release|Any CPU
		{38C4ACD3-18AA-4695-9A6A-461FE5328538}.Release|iPhone.Build.0 = Release|Any CPU
		{38C4ACD3-18AA-4695-9A6A-461FE5328538}.Release|iPhoneSimulator.ActiveCfg = Release|Any CPU
		{38C4ACD3-18AA-4695-9A6A-461FE5328538}.Release|iPhoneSimulator.Build.0 = Release|Any CPU
	EndGlobalSection
	GlobalSection(SolutionProperties) = preSolution
		HideSolutionNode = FALSE
	EndGlobalSection
	GlobalSection(NestedProjects) = preSolution
		{93F07403-CC26-4C4B-AB80-352E05D2A5B5} = {5D967750-728B-4153-9C6D-8611E397DF61}
		{BFB8310C-2082-4AD9-8682-B6FC4BEB56BA} = {5D967750-728B-4153-9C6D-8611E397DF61}
		{52B8FD89-6FF6-4C2B-9513-B92AB91D97F4} = {5D967750-728B-4153-9C6D-8611E397DF61}
		{38C4ACD3-18AA-4695-9A6A-461FE5328538} = {E786000B-08F2-4D29-AAFF-47CA5759546A}
	EndGlobalSection
	GlobalSection(ExtensibilityGlobals) = postSolution
		SolutionGuid = {C6CF294E-6454-4E61-87EE-764316C92679}
	EndGlobalSection
EndGlobal
